
Microsoft Visual Studio Solution File, Format Version 12.00
# Visual Studio 15
VisualStudioVersion = 15.0.26403.0
MinimumVisualStudioVersion = 10.0.40219.1
Project("{FAE04EC0-301F-11D3-BF4B-00C04F79EFBC}") = "ng2Client", "ng2Client\ng2Client.csproj", "{02FDA1F5-4D76-4FF6-8775-0C0CE9A59CD9}"
EndProject
Project("{FAE04EC0-301F-11D3-BF4B-00C04F79EFBC}") = "SolutionItems", "SolutionItems\SolutionItems.csproj", "{31A79C6F-6F5E-4C4A-B500-876CFA133FD1}"
EndProject
Global
	GlobalSection(SolutionConfigurationPlatforms) = preSolution
		Debug|Any CPU = Debug|Any CPU
		Release|Any CPU = Release|Any CPU
	EndGlobalSection
	GlobalSection(ProjectConfigurationPlatforms) = postSolution
		{02FDA1F5-4D76-4FF6-8775-0C0CE9A59CD9}.Debug|Any CPU.ActiveCfg = Debug|Any CPU
		{02FDA1F5-4D76-4FF6-8775-0C0CE9A59CD9}.Release|Any CPU.ActiveCfg = Release|Any CPU
		{31A79C6F-6F5E-4C4A-B500-876CFA133FD1}.Debug|Any CPU.ActiveCfg = Debug|Any CPU
		{31A79C6F-6F5E-4C4A-B500-876CFA133FD1}.Debug|Any CPU.Build.0 = Debug|Any CPU
		{31A79C6F-6F5E-4C4A-B500-876CFA133FD1}.Release|Any CPU.ActiveCfg = Release|Any CPU
		{31A79C6F-6F5E-4C4A-B500-876CFA133FD1}.Release|Any CPU.Build.0 = Release|Any CPU
	EndGlobalSection
	GlobalSection(SolutionProperties) = preSolution
		HideSolutionNode = FALSE
	EndGlobalSection
EndGlobal
